// !$*UTF8*$!
{
	archiveVersion = 1;
	classes = {
	};
	objectVersion = 56;
	objects = {

/* Begin PBXBuildFile section */
		7C1741512B3895F800C0F4F5 /* ChckpntApp.swift in Sources */ = {isa = PBXBuildFile; fileRef = 7C1741502B3895F800C0F4F5 /* ChckpntApp.swift */; };
		7C1741532B3895F800C0F4F5 /* ProjectListView.swift in Sources */ = {isa = PBXBuildFile; fileRef = 7C1741522B3895F800C0F4F5 /* ProjectListView.swift */; };
		7C1741552B3895F900C0F4F5 /* Assets.xcassets in Resources */ = {isa = PBXBuildFile; fileRef = 7C1741542B3895F900C0F4F5 /* Assets.xcassets */; };
		7C1741582B3895F900C0F4F5 /* Preview Assets.xcassets in Resources */ = {isa = PBXBuildFile; fileRef = 7C1741572B3895F900C0F4F5 /* Preview Assets.xcassets */; };
		7C1741602B38A0F200C0F4F5 /* Project.swift in Sources */ = {isa = PBXBuildFile; fileRef = 7C17415F2B38A0F200C0F4F5 /* Project.swift */; };
		7C1741622B38A1C700C0F4F5 /* ProjectUpdate.swift in Sources */ = {isa = PBXBuildFile; fileRef = 7C1741612B38A1C700C0F4F5 /* ProjectUpdate.swift */; };
		7C596CA42B3C9610009C72A2 /* AddProjectView.swift in Sources */ = {isa = PBXBuildFile; fileRef = 7C596CA32B3C9610009C72A2 /* AddProjectView.swift */; };
		7C596CA62B3C9E45009C72A2 /* ProjectDetailView.swift in Sources */ = {isa = PBXBuildFile; fileRef = 7C596CA52B3C9E45009C72A2 /* ProjectDetailView.swift */; };
		7C8727EE2B3B0253005F2FBB /* FontHelper.swift in Sources */ = {isa = PBXBuildFile; fileRef = 7C8727ED2B3B0253005F2FBB /* FontHelper.swift */; };
		7C8727F12B3B113C005F2FBB /* StatBubbleView.swift in Sources */ = {isa = PBXBuildFile; fileRef = 7C8727F02B3B113C005F2FBB /* StatBubbleView.swift */; };
		7C8727F32B3B137B005F2FBB /* ProjectCardView.swift in Sources */ = {isa = PBXBuildFile; fileRef = 7C8727F22B3B137B005F2FBB /* ProjectCardView.swift */; };
/* End PBXBuildFile section */

/* Begin PBXFileReference section */
		7C17414D2B3895F800C0F4F5 /* Chckpnt.app */ = {isa = PBXFileReference; explicitFileType = wrapper.application; includeInIndex = 0; path = Chckpnt.app; sourceTree = BUILT_PRODUCTS_DIR; };
		7C1741502B3895F800C0F4F5 /* ChckpntApp.swift */ = {isa = PBXFileReference; lastKnownFileType = sourcecode.swift; path = ChckpntApp.swift; sourceTree = "<group>"; };
		7C1741522B3895F800C0F4F5 /* ProjectListView.swift */ = {isa = PBXFileReference; lastKnownFileType = sourcecode.swift; path = ProjectListView.swift; sourceTree = "<group>"; };
		7C1741542B3895F900C0F4F5 /* Assets.xcassets */ = {isa = PBXFileReference; lastKnownFileType = folder.assetcatalog; path = Assets.xcassets; sourceTree = "<group>"; };
		7C1741572B3895F900C0F4F5 /* Preview Assets.xcassets */ = {isa = PBXFileReference; lastKnownFileType = folder.assetcatalog; path = "Preview Assets.xcassets"; sourceTree = "<group>"; };
		7C17415F2B38A0F200C0F4F5 /* Project.swift */ = {isa = PBXFileReference; lastKnownFileType = sourcecode.swift; path = Project.swift; sourceTree = "<group>"; };
		7C1741612B38A1C700C0F4F5 /* ProjectUpdate.swift */ = {isa = PBXFileReference; lastKnownFileType = sourcecode.swift; path = ProjectUpdate.swift; sourceTree = "<group>"; };
		7C596CA32B3C9610009C72A2 /* AddProjectView.swift */ = {isa = PBXFileReference; lastKnownFileType = sourcecode.swift; path = AddProjectView.swift; sourceTree = "<group>"; };
		7C596CA52B3C9E45009C72A2 /* ProjectDetailView.swift */ = {isa = PBXFileReference; lastKnownFileType = sourcecode.swift; path = ProjectDetailView.swift; sourceTree = "<group>"; };
		7C8727ED2B3B0253005F2FBB /* FontHelper.swift */ = {isa = PBXFileReference; lastKnownFileType = sourcecode.swift; path = FontHelper.swift; sourceTree = "<group>"; };
		7C8727F02B3B113C005F2FBB /* StatBubbleView.swift */ = {isa = PBXFileReference; lastKnownFileType = sourcecode.swift; path = StatBubbleView.swift; sourceTree = "<group>"; };
		7C8727F22B3B137B005F2FBB /* ProjectCardView.swift */ = {isa = PBXFileReference; lastKnownFileType = sourcecode.swift; path = ProjectCardView.swift; sourceTree = "<group>"; };
/* End PBXFileReference section */

/* Begin PBXFrameworksBuildPhase section */
		7C17414A2B3895F800C0F4F5 /* Frameworks */ = {
			isa = PBXFrameworksBuildPhase;
			buildActionMask = 2147483647;
			files = (
			);
			runOnlyForDeploymentPostprocessing = 0;
		};
/* End PBXFrameworksBuildPhase section */

/* Begin PBXGroup section */
		7C1741442B3895F800C0F4F5 = {
			isa = PBXGroup;
			children = (
				7C17414F2B3895F800C0F4F5 /* Chckpnt */,
				7C17414E2B3895F800C0F4F5 /* Products */,
			);
			sourceTree = "<group>";
		};
		7C17414E2B3895F800C0F4F5 /* Products */ = {
			isa = PBXGroup;
			children = (
				7C17414D2B3895F800C0F4F5 /* Chckpnt.app */,
			);
			name = Products;
			sourceTree = "<group>";
		};
		7C17414F2B3895F800C0F4F5 /* Chckpnt */ = {
			isa = PBXGroup;
			children = (
				7C8727EC2B3B023B005F2FBB /* Helpers */,
				7C17415E2B38A0D200C0F4F5 /* Models */,
				7C8727EF2B3B10F7005F2FBB /* Views */,
				7C1741502B3895F800C0F4F5 /* ChckpntApp.swift */,
				7C1741522B3895F800C0F4F5 /* ProjectListView.swift */,
				7C1741542B3895F900C0F4F5 /* Assets.xcassets */,
				7C1741562B3895F900C0F4F5 /* Preview Content */,
			);
			path = Chckpnt;
			sourceTree = "<group>";
		};
		7C1741562B3895F900C0F4F5 /* Preview Content */ = {
			isa = PBXGroup;
			children = (
				7C1741572B3895F900C0F4F5 /* Preview Assets.xcassets */,
			);
			path = "Preview Content";
			sourceTree = "<group>";
		};
		7C17415E2B38A0D200C0F4F5 /* Models */ = {
			isa = PBXGroup;
			children = (
				7C17415F2B38A0F200C0F4F5 /* Project.swift */,
				7C1741612B38A1C700C0F4F5 /* ProjectUpdate.swift */,
			);
			path = Models;
			sourceTree = "<group>";
		};
		7C8727EC2B3B023B005F2FBB /* Helpers */ = {
			isa = PBXGroup;
			children = (
				7C8727ED2B3B0253005F2FBB /* FontHelper.swift */,
			);
			path = Helpers;
			sourceTree = "<group>";
		};
		7C8727EF2B3B10F7005F2FBB /* Views */ = {
			isa = PBXGroup;
			children = (
				7C8727F02B3B113C005F2FBB /* StatBubbleView.swift */,
				7C8727F22B3B137B005F2FBB /* ProjectCardView.swift */,
				7C596CA32B3C9610009C72A2 /* AddProjectView.swift */,
				7C596CA52B3C9E45009C72A2 /* ProjectDetailView.swift */,
			);
			path = Views;
			sourceTree = "<group>";
		};
/* End PBXGroup section */

/* Begin PBXNativeTarget section */
		7C17414C2B3895F800C0F4F5 /* Chckpnt */ = {
			isa = PBXNativeTarget;
			buildConfigurationList = 7C17415B2B3895F900C0F4F5 /* Build configuration list for PBXNativeTarget "Chckpnt" */;
			buildPhases = (
				7C1741492B3895F800C0F4F5 /* Sources */,
				7C17414A2B3895F800C0F4F5 /* Frameworks */,
				7C17414B2B3895F800C0F4F5 /* Resources */,
			);
			buildRules = (
			);
			dependencies = (
			);
			name = Chckpnt;
			productName = Chckpnt;
			productReference = 7C17414D2B3895F800C0F4F5 /* Chckpnt.app */;
			productType = "com.apple.product-type.application";
		};
/* End PBXNativeTarget section */

/* Begin PBXProject section */
		7C1741452B3895F800C0F4F5 /* Project object */ = {
			isa = PBXProject;
			attributes = {
				BuildIndependentTargetsInParallel = 1;
				LastSwiftUpdateCheck = 1510;
				LastUpgradeCheck = 1510;
				TargetAttributes = {
					7C17414C2B3895F800C0F4F5 = {
						CreatedOnToolsVersion = 15.1;
					};
				};
			};
			buildConfigurationList = 7C1741482B3895F800C0F4F5 /* Build configuration list for PBXProject "Chckpnt" */;
			compatibilityVersion = "Xcode 14.0";
			developmentRegion = en;
			hasScannedForEncodings = 0;
			knownRegions = (
				en,
				Base,
			);
			mainGroup = 7C1741442B3895F800C0F4F5;
			productRefGroup = 7C17414E2B3895F800C0F4F5 /* Products */;
			projectDirPath = "";
			projectRoot = "";
			targets = (
				7C17414C2B3895F800C0F4F5 /* Chckpnt */,
			);
		};
/* End PBXProject section */

/* Begin PBXResourcesBuildPhase section */
		7C17414B2B3895F800C0F4F5 /* Resources */ = {
			isa = PBXResourcesBuildPhase;
			buildActionMask = 2147483647;
			files = (
				7C1741582B3895F900C0F4F5 /* Preview Assets.xcassets in Resources */,
				7C1741552B3895F900C0F4F5 /* Assets.xcassets in Resources */,
			);
			runOnlyForDeploymentPostprocessing = 0;
		};
/* End PBXResourcesBuildPhase section */

/* Begin PBXSourcesBuildPhase section */
		7C1741492B3895F800C0F4F5 /* Sources */ = {
			isa = PBXSourcesBuildPhase;
			buildActionMask = 2147483647;
			files = (
				7C1741622B38A1C700C0F4F5 /* ProjectUpdate.swift in Sources */,
				7C8727EE2B3B0253005F2FBB /* FontHelper.swift in Sources */,
				7C596CA62B3C9E45009C72A2 /* ProjectDetailView.swift in Sources */,
				7C596CA42B3C9610009C72A2 /* AddProjectView.swift in Sources */,
				7C1741532B3895F800C0F4F5 /* ProjectListView.swift in Sources */,
				7C1741512B3895F800C0F4F5 /* ChckpntApp.swift in Sources */,
				7C8727F12B3B113C005F2FBB /* StatBubbleView.swift in Sources */,
				7C8727F32B3B137B005F2FBB /* ProjectCardView.swift in Sources */,
				7C1741602B38A0F200C0F4F5 /* Project.swift in Sources */,
			);
			runOnlyForDeploymentPostprocessing = 0;
		};
/* End PBXSourcesBuildPhase section */

/* Begin XCBuildConfiguration section */
		7C1741592B3895F900C0F4F5 /* Debug */ = {
			isa = XCBuildConfiguration;
			buildSettings = {
				ALWAYS_SEARCH_USER_PATHS = NO;
				ASSETCATALOG_COMPILER_GENERATE_SWIFT_ASSET_SYMBOL_EXTENSIONS = YES;
				CLANG_ANALYZER_NONNULL = YES;
				CLANG_ANALYZER_NUMBER_OBJECT_CONVERSION = YES_AGGRESSIVE;
				CLANG_CXX_LANGUAGE_STANDARD = "gnu++20";
				CLANG_ENABLE_MODULES = YES;
				CLANG_ENABLE_OBJC_ARC = YES;
				CLANG_ENABLE_OBJC_WEAK = YES;
				CLANG_WARN_BLOCK_CAPTURE_AUTORELEASING = YES;
				CLANG_WARN_BOOL_CONVERSION = YES;
				CLANG_WARN_COMMA = YES;
				CLANG_WARN_CONSTANT_CONVERSION = YES;
				CLANG_WARN_DEPRECATED_OBJC_IMPLEMENTATIONS = YES;
				CLANG_WARN_DIRECT_OBJC_ISA_USAGE = YES_ERROR;
				CLANG_WARN_DOCUMENTATION_COMMENTS = YES;
				CLANG_WARN_EMPTY_BODY = YES;
				CLANG_WARN_ENUM_CONVERSION = YES;
				CLANG_WARN_INFINITE_RECURSION = YES;
				CLANG_WARN_INT_CONVERSION = YES;
				CLANG_WARN_NON_LITERAL_NULL_CONVERSION = YES;
				CLANG_WARN_OBJC_IMPLICIT_RETAIN_SELF = YES;
				CLANG_WARN_OBJC_LITERAL_CONVERSION = YES;
				CLANG_WARN_OBJC_ROOT_CLASS = YES_ERROR;
				CLANG_WARN_QUOTED_INCLUDE_IN_FRAMEWORK_HEADER = YES;
				CLANG_WARN_RANGE_LOOP_ANALYSIS = YES;
				CLANG_WARN_STRICT_PROTOTYPES = YES;
				CLANG_WARN_SUSPICIOUS_MOVE = YES;
				CLANG_WARN_UNGUARDED_AVAILABILITY = YES_AGGRESSIVE;
				CLANG_WARN_UNREACHABLE_CODE = YES;
				CLANG_WARN__DUPLICATE_METHOD_MATCH = YES;
				COPY_PHASE_STRIP = NO;
				DEBUG_INFORMATION_FORMAT = dwarf;
				ENABLE_STRICT_OBJC_MSGSEND = YES;
				ENABLE_TESTABILITY = YES;
				ENABLE_USER_SCRIPT_SANDBOXING = YES;
				GCC_C_LANGUAGE_STANDARD = gnu17;
				GCC_DYNAMIC_NO_PIC = NO;
				GCC_NO_COMMON_BLOCKS = YES;
				GCC_OPTIMIZATION_LEVEL = 0;
				GCC_PREPROCESSOR_DEFINITIONS = (
					"DEBUG=1",
					"$(inherited)",
				);
				GCC_WARN_64_TO_32_BIT_CONVERSION = YES;
				GCC_WARN_ABOUT_RETURN_TYPE = YES_ERROR;
				GCC_WARN_UNDECLARED_SELECTOR = YES;
				GCC_WARN_UNINITIALIZED_AUTOS = YES_AGGRESSIVE;
				GCC_WARN_UNUSED_FUNCTION = YES;
				GCC_WARN_UNUSED_VARIABLE = YES;
				IPHONEOS_DEPLOYMENT_TARGET = 17.2;
				LOCALIZATION_PREFERS_STRING_CATALOGS = YES;
				MTL_ENABLE_DEBUG_INFO = INCLUDE_SOURCE;
				MTL_FAST_MATH = YES;
				ONLY_ACTIVE_ARCH = YES;
				SDKROOT = iphoneos;
				SWIFT_ACTIVE_COMPILATION_CONDITIONS = "DEBUG $(inherited)";
				SWIFT_OPTIMIZATION_LEVEL = "-Onone";
			};
			name = Debug;
		};
		7C17415A2B3895F900C0F4F5 /* Release */ = {
			isa = XCBuildConfiguration;
			buildSettings = {
				ALWAYS_SEARCH_USER_PATHS = NO;
				ASSETCATALOG_COMPILER_GENERATE_SWIFT_ASSET_SYMBOL_EXTENSIONS = YES;
				CLANG_ANALYZER_NONNULL = YES;
				CLANG_ANALYZER_NUMBER_OBJECT_CONVERSION = YES_AGGRESSIVE;
				CLANG_CXX_LANGUAGE_STANDARD = "gnu++20";
				CLANG_ENABLE_MODULES = YES;
				CLANG_ENABLE_OBJC_ARC = YES;
				CLANG_ENABLE_OBJC_WEAK = YES;
				CLANG_WARN_BLOCK_CAPTURE_AUTORELEASING = YES;
				CLANG_WARN_BOOL_CONVERSION = YES;
				CLANG_WARN_COMMA = YES;
				CLANG_WARN_CONSTANT_CONVERSION = YES;
				CLANG_WARN_DEPRECATED_OBJC_IMPLEMENTATIONS = YES;
				CLANG_WARN_DIRECT_OBJC_ISA_USAGE = YES_ERROR;
				CLANG_WARN_DOCUMENTATION_COMMENTS = YES;
				CLANG_WARN_EMPTY_BODY = YES;
				CLANG_WARN_ENUM_CONVERSION = YES;
				CLANG_WARN_INFINITE_RECURSION = YES;
				CLANG_WARN_INT_CONVERSION = YES;
				CLANG_WARN_NON_LITERAL_NULL_CONVERSION = YES;
				CLANG_WARN_OBJC_IMPLICIT_RETAIN_SELF = YES;
				CLANG_WARN_OBJC_LITERAL_CONVERSION = YES;
				CLANG_WARN_OBJC_ROOT_CLASS = YES_ERROR;
				CLANG_WARN_QUOTED_INCLUDE_IN_FRAMEWORK_HEADER = YES;
				CLANG_WARN_RANGE_LOOP_ANALYSIS = YES;
				CLANG_WARN_STRICT_PROTOTYPES = YES;
				CLANG_WARN_SUSPICIOUS_MOVE = YES;
				CLANG_WARN_UNGUARDED_AVAILABILITY = YES_AGGRESSIVE;
				CLANG_WARN_UNREACHABLE_CODE = YES;
				CLANG_WARN__DUPLICATE_METHOD_MATCH = YES;
				COPY_PHASE_STRIP = NO;
				DEBUG_INFORMATION_FORMAT = "dwarf-with-dsym";
				ENABLE_NS_ASSERTIONS = NO;
				ENABLE_STRICT_OBJC_MSGSEND = YES;
				ENABLE_USER_SCRIPT_SANDBOXING = YES;
				GCC_C_LANGUAGE_STANDARD = gnu17;
				GCC_NO_COMMON_BLOCKS = YES;
				GCC_WARN_64_TO_32_BIT_CONVERSION = YES;
				GCC_WARN_ABOUT_RETURN_TYPE = YES_ERROR;
				GCC_WARN_UNDECLARED_SELECTOR = YES;
				GCC_WARN_UNINITIALIZED_AUTOS = YES_AGGRESSIVE;
				GCC_WARN_UNUSED_FUNCTION = YES;
				GCC_WARN_UNUSED_VARIABLE = YES;
				IPHONEOS_DEPLOYMENT_TARGET = 17.2;
				LOCALIZATION_PREFERS_STRING_CATALOGS = YES;
				MTL_ENABLE_DEBUG_INFO = NO;
				MTL_FAST_MATH = YES;
				SDKROOT = iphoneos;
				SWIFT_COMPILATION_MODE = wholemodule;
				VALIDATE_PRODUCT = YES;
			};
			name = Release;
		};
		7C17415C2B3895F900C0F4F5 /* Debug */ = {
			isa = XCBuildConfiguration;
			buildSettings = {
				ASSETCATALOG_COMPILER_APPICON_NAME = AppIcon;
				ASSETCATALOG_COMPILER_GLOBAL_ACCENT_COLOR_NAME = AccentColor;
				CODE_SIGN_STYLE = Automatic;
				CURRENT_PROJECT_VERSION = 1;
				DEVELOPMENT_ASSET_PATHS = "\"Chckpnt/Preview Content\"";
				DEVELOPMENT_TEAM = LZXRVU7TPL;
				ENABLE_PREVIEWS = YES;
				GENERATE_INFOPLIST_FILE = YES;
				INFOPLIST_KEY_UIApplicationSceneManifest_Generation = YES;
				INFOPLIST_KEY_UIApplicationSupportsIndirectInputEvents = YES;
				INFOPLIST_KEY_UILaunchScreen_Generation = YES;
				INFOPLIST_KEY_UISupportedInterfaceOrientations_iPad = "UIInterfaceOrientationPortrait UIInterfaceOrientationPortraitUpsideDown UIInterfaceOrientationLandscapeLeft UIInterfaceOrientationLandscapeRight";
				INFOPLIST_KEY_UISupportedInterfaceOrientations_iPhone = "UIInterfaceOrientationPortrait UIInterfaceOrientationLandscapeLeft UIInterfaceOrientationLandscapeRight";
				LD_RUNPATH_SEARCH_PATHS = (
					"$(inherited)",
					"@executable_path/Frameworks",
				);
				MARKETING_VERSION = 1.0;
				PRODUCT_BUNDLE_IDENTIFIER = dev.bernnystrom.Chckpnt;
				PRODUCT_NAME = "$(TARGET_NAME)";
				SWIFT_EMIT_LOC_STRINGS = YES;
				SWIFT_VERSION = 5.0;
				TARGETED_DEVICE_FAMILY = "1,2";
			};
			name = Debug;
		};
		7C17415D2B3895F900C0F4F5 /* Release */ = {
			isa = XCBuildConfiguration;
			buildSettings = {
				ASSETCATALOG_COMPILER_APPICON_NAME = AppIcon;
				ASSETCATALOG_COMPILER_GLOBAL_ACCENT_COLOR_NAME = AccentColor;
				CODE_SIGN_STYLE = Automatic;
				CURRENT_PROJECT_VERSION = 1;
				DEVELOPMENT_ASSET_PATHS = "\"Chckpnt/Preview Content\"";
				DEVELOPMENT_TEAM = LZXRVU7TPL;
				ENABLE_PREVIEWS = YES;
				GENERATE_INFOPLIST_FILE = YES;
				INFOPLIST_KEY_UIApplicationSceneManifest_Generation = YES;
				INFOPLIST_KEY_UIApplicationSupportsIndirectInputEvents = YES;
				INFOPLIST_KEY_UILaunchScreen_Generation = YES;
				INFOPLIST_KEY_UISupportedInterfaceOrientations_iPad = "UIInterfaceOrientationPortrait UIInterfaceOrientationPortraitUpsideDown UIInterfaceOrientationLandscapeLeft UIInterfaceOrientationLandscapeRight";
				INFOPLIST_KEY_UISupportedInterfaceOrientations_iPhone = "UIInterfaceOrientationPortrait UIInterfaceOrientationLandscapeLeft UIInterfaceOrientationLandscapeRight";
				LD_RUNPATH_SEARCH_PATHS = (
					"$(inherited)",
					"@executable_path/Frameworks",
				);
				MARKETING_VERSION = 1.0;
				PRODUCT_BUNDLE_IDENTIFIER = dev.bernnystrom.Chckpnt;
				PRODUCT_NAME = "$(TARGET_NAME)";
				SWIFT_EMIT_LOC_STRINGS = YES;
				SWIFT_VERSION = 5.0;
				TARGETED_DEVICE_FAMILY = "1,2";
			};
			name = Release;
		};
/* End XCBuildConfiguration section */

/* Begin XCConfigurationList section */
		7C1741482B3895F800C0F4F5 /* Build configuration list for PBXProject "Chckpnt" */ = {
			isa = XCConfigurationList;
			buildConfigurations = (
				7C1741592B3895F900C0F4F5 /* Debug */,
				7C17415A2B3895F900C0F4F5 /* Release */,
			);
			defaultConfigurationIsVisible = 0;
			defaultConfigurationName = Release;
		};
		7C17415B2B3895F900C0F4F5 /* Build configuration list for PBXNativeTarget "Chckpnt" */ = {
			isa = XCConfigurationList;
			buildConfigurations = (
				7C17415C2B3895F900C0F4F5 /* Debug */,
				7C17415D2B3895F900C0F4F5 /* Release */,
			);
			defaultConfigurationIsVisible = 0;
			defaultConfigurationName = Release;
		};
/* End XCConfigurationList section */
	};
	rootObject = 7C1741452B3895F800C0F4F5 /* Project object */;
}
